version = 1

[dependencies.anthropic-skills]
url = "https://github.com/anthropics/skills"
commit = "5128e1865d670f5d6c9cef000e6dfc4e951fb5b9"

[dependencies.meridian-base]
url = "https://github.com/meridian-flow/meridian-base"
version = "v0.1.1"
commit = "ae2c0be44f2fb0dc91d004c8fef6fc5bcebb17ae"

[dependencies.meridian-dev-workflow]
url = "https://github.com/meridian-flow/meridian-dev-workflow"
version = "v0.2.1"
commit = "e7067b8d76e5c47a44eb1ceba96a772409dd9790"

[dependencies.meridian-prompter]
url = "https://github.com/meridian-flow/meridian-prompter"
version = "v0.1.1"
commit = "8bb06a41ec1c5412f1361417b68e1504ffbab172"

[dependencies.playwright-cli]
url = "https://github.com/microsoft/playwright-cli"
commit = "8d95174a8f8effd61cd23d3793d9d73c771b9a4f"

[items."agents/alignment-reviewer.md"]
source = "meridian-dev-workflow"
kind = "agent"
version = "v0.2.1"
source_checksum = "sha256:347740ffac93f7d043e96ccdeb7706e4357cfa03e4c18466d9a4fdadf792ccff"
installed_checksum = "sha256:347740ffac93f7d043e96ccdeb7706e4357cfa03e4c18466d9a4fdadf792ccff"
dest_path = "agents/alignment-reviewer.md"

[items."agents/architect-lead.md"]
source = "meridian-dev-workflow"
kind = "agent"
version = "v0.2.1"
source_checksum = "sha256:430b7050147c11d5480bcc94f5a4e332d9f888e23740ecefd76d0e72a38ef8d1"
installed_checksum = "sha256:430b7050147c11d5480bcc94f5a4e332d9f888e23740ecefd76d0e72a38ef8d1"
dest_path = "agents/architect-lead.md"

[items."agents/architect.md"]
source = "meridian-dev-workflow"
kind = "agent"
version = "v0.2.1"
source_checksum = "sha256:631668980b6679fd11c88c79ddc6c20b513d6f01a176a2c362b50bd665abc19e"
installed_checksum = "sha256:631668980b6679fd11c88c79ddc6c20b513d6f01a176a2c362b50bd665abc19e"
dest_path = "agents/architect.md"

[items."agents/browser-tester.md"]
source = "meridian-dev-workflow"
kind = "agent"
version = "v0.2.1"
source_checksum = "sha256:9ba2e0abcdddba1e9d5cb31f09392105e7b23e4f70313bbb0ccfa1e04c9018e1"
installed_checksum = "sha256:9ba2e0abcdddba1e9d5cb31f09392105e7b23e4f70313bbb0ccfa1e04c9018e1"
dest_path = "agents/browser-tester.md"

[items."agents/browser.md"]
source = "meridian-dev-workflow"
kind = "agent"
version = "v0.2.1"
source_checksum = "sha256:cf68174bfd1ee86b601b4e5b93d9bd9c153500101b718c2a45e5aa93ddfa4632"
installed_checksum = "sha256:cf68174bfd1ee86b601b4e5b93d9bd9c153500101b718c2a45e5aa93ddfa4632"
dest_path = "agents/browser.md"

[items."agents/coder.md"]
source = "meridian-dev-workflow"
kind = "agent"
version = "v0.2.1"
source_checksum = "sha256:b817d5c8812a642f3afe5c57d28d7d4cfa9055391c8cea3d601624075be5c533"
installed_checksum = "sha256:b817d5c8812a642f3afe5c57d28d7d4cfa9055391c8cea3d601624075be5c533"
dest_path = "agents/coder.md"

[items."agents/design-writer.md"]
source = "meridian-dev-workflow"
kind = "agent"
version = "v0.2.1"
source_checksum = "sha256:4a9cb00671996c9d2672925bad2a88f9c17c5eced183fe5daa72bf219cce38cc"
installed_checksum = "sha256:4a9cb00671996c9d2672925bad2a88f9c17c5eced183fe5daa72bf219cce38cc"
dest_path = "agents/design-writer.md"

[items."agents/explorer.md"]
source = "meridian-base"
kind = "agent"
version = "v0.1.1"
source_checksum = "sha256:94399df12f7b55dac188e173e1d50f749bf1bc94adb4674fd013206828aab6f4"
installed_checksum = "sha256:94399df12f7b55dac188e173e1d50f749bf1bc94adb4674fd013206828aab6f4"
dest_path = "agents/explorer.md"

[items."agents/frontend-coder.md"]
source = "meridian-dev-workflow"
kind = "agent"
version = "v0.2.1"
source_checksum = "sha256:0393805c39c0c2061585461be497045784045bbbedc156255af6fac128c0a9c0"
installed_checksum = "sha256:0393805c39c0c2061585461be497045784045bbbedc156255af6fac128c0a9c0"
dest_path = "agents/frontend-coder.md"

[items."agents/frontend-designer.md"]
source = "meridian-dev-workflow"
kind = "agent"
version = "v0.2.1"
source_checksum = "sha256:afe78a666cefe064da0acc50fdfbfb3e3d2209a10eb8017884ca7c37ca771d9e"
installed_checksum = "sha256:afe78a666cefe064da0acc50fdfbfb3e3d2209a10eb8017884ca7c37ca771d9e"
dest_path = "agents/frontend-designer.md"

[items."agents/imagegen.md"]
source = "meridian-dev-workflow"
kind = "agent"
version = "v0.2.1"
source_checksum = "sha256:afbc1b2183133b0e8e4114abe00693c69b5d21de1f682cc1590e662c37926f74"
installed_checksum = "sha256:afbc1b2183133b0e8e4114abe00693c69b5d21de1f682cc1590e662c37926f74"
dest_path = "agents/imagegen.md"

[items."agents/integration-tester.md"]
source = "meridian-dev-workflow"
kind = "agent"
version = "v0.2.1"
source_checksum = "sha256:0e2d49611acbe1254f2948512f7b81c8370c365c1db44b82f6af28a7cfd04b14"
installed_checksum = "sha256:0e2d49611acbe1254f2948512f7b81c8370c365c1db44b82f6af28a7cfd04b14"
dest_path = "agents/integration-tester.md"

[items."agents/investigator.md"]
source = "meridian-dev-workflow"
kind = "agent"
version = "v0.2.1"
source_checksum = "sha256:d076a1de5f7147c878c262b577cf83273f3d7234945c737e95bf3d4cc54149d3"
installed_checksum = "sha256:d076a1de5f7147c878c262b577cf83273f3d7234945c737e95bf3d4cc54149d3"
dest_path = "agents/investigator.md"

[items."agents/kb-maintainer.md"]
source = "meridian-base"
kind = "agent"
version = "v0.1.1"
source_checksum = "sha256:419f282e3fd818a0c09db91b4f871ca364191cf748f8445b0f9a070dab8483b8"
installed_checksum = "sha256:419f282e3fd818a0c09db91b4f871ca364191cf748f8445b0f9a070dab8483b8"
dest_path = "agents/kb-maintainer.md"

[items."agents/kb-writer.md"]
source = "meridian-base"
kind = "agent"
version = "v0.1.1"
source_checksum = "sha256:11fda15eff5fd2ec5cad052ba839dd7afe446d5a3c67c8ee59b3a28573a03d79"
installed_checksum = "sha256:11fda15eff5fd2ec5cad052ba839dd7afe446d5a3c67c8ee59b3a28573a03d79"
dest_path = "agents/kb-writer.md"

[items."agents/meridian-default-orchestrator.md"]
source = "meridian-base"
kind = "agent"
version = "v0.1.1"
source_checksum = "sha256:fd60af3212acc6ddc8f1d64e2eec21f2f99eae03643577bc2cbdc6aed4c474b6"
installed_checksum = "sha256:fd60af3212acc6ddc8f1d64e2eec21f2f99eae03643577bc2cbdc6aed4c474b6"
dest_path = "agents/meridian-default-orchestrator.md"

[items."agents/meridian-subagent.md"]
source = "meridian-base"
kind = "agent"
version = "v0.1.1"
source_checksum = "sha256:72f0c5060b99af974f19d29d615af9065d49fef34a132b3e1b2b9d163c15fdd2"
installed_checksum = "sha256:72f0c5060b99af974f19d29d615af9065d49fef34a132b3e1b2b9d163c15fdd2"
dest_path = "agents/meridian-subagent.md"

[items."agents/mockup-gen.md"]
source = "meridian-dev-workflow"
kind = "agent"
version = "v0.2.1"
source_checksum = "sha256:bcc0275a9a96980148344bc9e13a9b27defbf24816ffc44a880e5378a7ec1cb7"
installed_checksum = "sha256:bcc0275a9a96980148344bc9e13a9b27defbf24816ffc44a880e5378a7ec1cb7"
dest_path = "agents/mockup-gen.md"

[items."agents/planner.md"]
source = "meridian-dev-workflow"
kind = "agent"
version = "v0.2.1"
source_checksum = "sha256:942e5469fbab5c377009ae05f0e1d0cbe1edc38432356cd363d38ae04e467729"
installed_checksum = "sha256:942e5469fbab5c377009ae05f0e1d0cbe1edc38432356cd363d38ae04e467729"
dest_path = "agents/planner.md"

[items."agents/product-manager.md"]
source = "meridian-dev-workflow"
kind = "agent"
version = "v0.2.1"
source_checksum = "sha256:822f9bd1fb3eb12f77419adefcebb94ad648044b63a66c7f339c5942db45b4dc"
installed_checksum = "sha256:822f9bd1fb3eb12f77419adefcebb94ad648044b63a66c7f339c5942db45b4dc"
dest_path = "agents/product-manager.md"

[items."agents/prompt-dev.md"]
source = "meridian-prompter"
kind = "agent"
version = "v0.1.1"
source_checksum = "sha256:364f592889713fe68403582114dc94f55ab948c46b2bd87b754976213390be31"
installed_checksum = "sha256:364f592889713fe68403582114dc94f55ab948c46b2bd87b754976213390be31"
dest_path = "agents/prompt-dev.md"

[items."agents/prompt-reviewer.md"]
source = "meridian-prompter"
kind = "agent"
version = "v0.1.1"
source_checksum = "sha256:4438c565aefa074e2d7ed30a0d6949068cdd6e6fc07fc080ad16353452fc4903"
installed_checksum = "sha256:4438c565aefa074e2d7ed30a0d6949068cdd6e6fc07fc080ad16353452fc4903"
dest_path = "agents/prompt-reviewer.md"

[items."agents/prompt-tester.md"]
source = "meridian-prompter"
kind = "agent"
version = "v0.1.1"
source_checksum = "sha256:9db2588dbebcc14bc3748386f7108ff2ef66dc90d865bb581d6af8a988f31cf6"
installed_checksum = "sha256:9db2588dbebcc14bc3748386f7108ff2ef66dc90d865bb581d6af8a988f31cf6"
dest_path = "agents/prompt-tester.md"

[items."agents/python-tool-writer.md"]
source = "meridian-prompter"
kind = "agent"
version = "v0.1.1"
source_checksum = "sha256:b6ce0c404186cc6f8fc74c281a6d14295d17780feeb93d8939378b9eb32f4c9f"
installed_checksum = "sha256:b6ce0c404186cc6f8fc74c281a6d14295d17780feeb93d8939378b9eb32f4c9f"
dest_path = "agents/python-tool-writer.md"

[items."agents/qa-lead.md"]
source = "meridian-dev-workflow"
kind = "agent"
version = "v0.2.1"
source_checksum = "sha256:d6de7ae3aef42c236ddc231dcb395c0c3ef83190e63178ad1a4ccd8310281cc8"
installed_checksum = "sha256:d6de7ae3aef42c236ddc231dcb395c0c3ef83190e63178ad1a4ccd8310281cc8"
dest_path = "agents/qa-lead.md"

[items."agents/refactor-coder.md"]
source = "meridian-dev-workflow"
kind = "agent"
version = "v0.2.1"
source_checksum = "sha256:c89418282954aa9f05a0c2f5615522d4fa2c2bcfe3c18b5b10eafae5e935e78d"
installed_checksum = "sha256:c89418282954aa9f05a0c2f5615522d4fa2c2bcfe3c18b5b10eafae5e935e78d"
dest_path = "agents/refactor-coder.md"

[items."agents/refactor-reviewer.md"]
source = "meridian-dev-workflow"
kind = "agent"
version = "v0.2.1"
source_checksum = "sha256:e6582cbbc8203c01895f398d7ac602fc31a84cae74abd85dd9d1d5e7ac919816"
installed_checksum = "sha256:e6582cbbc8203c01895f398d7ac602fc31a84cae74abd85dd9d1d5e7ac919816"
dest_path = "agents/refactor-reviewer.md"

[items."agents/reviewer.md"]
source = "meridian-dev-workflow"
kind = "agent"
version = "v0.2.1"
source_checksum = "sha256:f8409bdc3c98af22324a86610d3b16cff2cc166945fe2156ebe7fe8b09774789"
installed_checksum = "sha256:f8409bdc3c98af22324a86610d3b16cff2cc166945fe2156ebe7fe8b09774789"
dest_path = "agents/reviewer.md"

[items."agents/smoke-tester.md"]
source = "meridian-dev-workflow"
kind = "agent"
version = "v0.2.1"
source_checksum = "sha256:124959b74631231a0d7375f1a7710ab56f561abfb0ba10f21eb2b81875c6c764"
installed_checksum = "sha256:124959b74631231a0d7375f1a7710ab56f561abfb0ba10f21eb2b81875c6c764"
dest_path = "agents/smoke-tester.md"

[items."agents/tech-lead.md"]
source = "meridian-dev-workflow"
kind = "agent"
version = "v0.2.1"
source_checksum = "sha256:5abab308d03a8ada2fac098deaa4dc099bfca9186a33fbc7b4d80b43c9673dc5"
installed_checksum = "sha256:5abab308d03a8ada2fac098deaa4dc099bfca9186a33fbc7b4d80b43c9673dc5"
dest_path = "agents/tech-lead.md"

[items."agents/tech-writer.md"]
source = "meridian-dev-workflow"
kind = "agent"
version = "v0.2.1"
source_checksum = "sha256:68f6fdfb3983b463f3727cacb56c27890f29b38a42c265ba3bc5ea6af6839c6d"
installed_checksum = "sha256:68f6fdfb3983b463f3727cacb56c27890f29b38a42c265ba3bc5ea6af6839c6d"
dest_path = "agents/tech-writer.md"

[items."agents/unit-tester.md"]
source = "meridian-dev-workflow"
kind = "agent"
version = "v0.2.1"
source_checksum = "sha256:c03a4cb6836ae014b8019d71db58abb71e47546172395a0734a1611f078d9b69"
installed_checksum = "sha256:c03a4cb6836ae014b8019d71db58abb71e47546172395a0734a1611f078d9b69"
dest_path = "agents/unit-tester.md"

[items."agents/ux-lead.md"]
source = "meridian-dev-workflow"
kind = "agent"
version = "v0.2.1"
source_checksum = "sha256:e1719bf7dc06461db632330e0364b11b7def6c84b843960efa324f94ee8d1bc4"
installed_checksum = "sha256:e1719bf7dc06461db632330e0364b11b7def6c84b843960efa324f94ee8d1bc4"
dest_path = "agents/ux-lead.md"

[items."agents/verifier.md"]
source = "meridian-dev-workflow"
kind = "agent"
version = "v0.2.1"
source_checksum = "sha256:29c5fc522ee199cda526e1267678e1c2a423f30d031dbb681cb3520acfde7214"
installed_checksum = "sha256:29c5fc522ee199cda526e1267678e1c2a423f30d031dbb681cb3520acfde7214"
dest_path = "agents/verifier.md"

[items."agents/web-prompt-researcher.md"]
source = "meridian-prompter"
kind = "agent"
version = "v0.1.1"
source_checksum = "sha256:a474014b66619b90255ee25761afbd8a9ab1c179e458ed5231a6bdffb5de5091"
installed_checksum = "sha256:a474014b66619b90255ee25761afbd8a9ab1c179e458ed5231a6bdffb5de5091"
dest_path = "agents/web-prompt-researcher.md"

[items."agents/web-researcher.md"]
source = "meridian-dev-workflow"
kind = "agent"
version = "v0.2.1"
source_checksum = "sha256:27faa6231c078e5282491098033f93444f748d56158e0228aadb92a22c4402d2"
installed_checksum = "sha256:27faa6231c078e5282491098033f93444f748d56158e0228aadb92a22c4402d2"
dest_path = "agents/web-researcher.md"

[items."skills/agent-artifacts"]
source = "meridian-prompter"
kind = "skill"
version = "v0.1.1"
source_checksum = "sha256:a8aa2263e15a99607f7f8afad87135c9ce87e7e37d1e4640cfc87673636e7aa7"
installed_checksum = "sha256:a8aa2263e15a99607f7f8afad87135c9ce87e7e37d1e4640cfc87673636e7aa7"
dest_path = "skills/agent-artifacts"

[items."skills/agent-management"]
source = "meridian-dev-workflow"
kind = "skill"
version = "v0.2.1"
source_checksum = "sha256:e6cd9cdc98bf3697e7e0ffde98cfd51aa092d93c1da16edebfe48ce1fe17c9ec"
installed_checksum = "sha256:e6cd9cdc98bf3697e7e0ffde98cfd51aa092d93c1da16edebfe48ce1fe17c9ec"
dest_path = "skills/agent-management"

[items."skills/agent-staffing"]
source = "meridian-dev-workflow"
kind = "skill"
version = "v0.2.1"
source_checksum = "sha256:037d6a78e3ff0a1c6330f56e859175a3a2a8d5feb5fd14c1c5ee8b5146a9cbec"
installed_checksum = "sha256:037d6a78e3ff0a1c6330f56e859175a3a2a8d5feb5fd14c1c5ee8b5146a9cbec"
dest_path = "skills/agent-staffing"

[items."skills/architecture"]
source = "meridian-dev-workflow"
kind = "skill"
version = "v0.2.1"
source_checksum = "sha256:5d8dda5f8dc9936ea2ad7c1668836cc19b2dca4f8cadf0a9b750db5c2001b1a2"
installed_checksum = "sha256:5d8dda5f8dc9936ea2ad7c1668836cc19b2dca4f8cadf0a9b750db5c2001b1a2"
dest_path = "skills/architecture"

[items."skills/browser-test"]
source = "meridian-dev-workflow"
kind = "skill"
version = "v0.2.1"
source_checksum = "sha256:e4d4903b50181d9e3cca878833d53cef3c1ca44b21b1382da77b785f45170729"
installed_checksum = "sha256:e4d4903b50181d9e3cca878833d53cef3c1ca44b21b1382da77b785f45170729"
dest_path = "skills/browser-test"

[items."skills/decision-log"]
source = "meridian-base"
kind = "skill"
version = "v0.1.1"
source_checksum = "sha256:255624aac1296ddd29cd97fdf877265171338d8d62fcaf558876291363a284c3"
installed_checksum = "sha256:255624aac1296ddd29cd97fdf877265171338d8d62fcaf558876291363a284c3"
dest_path = "skills/decision-log"

[items."skills/design-principles"]
source = "meridian-dev-workflow"
kind = "skill"
version = "v0.2.1"
source_checksum = "sha256:c6a7b6e54f1d500ee1f6df5d638649373a733407a1d801d439e78671571e3b69"
installed_checksum = "sha256:c6a7b6e54f1d500ee1f6df5d638649373a733407a1d801d439e78671571e3b69"
dest_path = "skills/design-principles"

[items."skills/dev-artifacts"]
source = "meridian-dev-workflow"
kind = "skill"
version = "v0.2.1"
source_checksum = "sha256:cdda5ffac9f68ac0d4e36ec561744cd314ea1a741faa6d93154350498df2dbf9"
installed_checksum = "sha256:cdda5ffac9f68ac0d4e36ec561744cd314ea1a741faa6d93154350498df2dbf9"
dest_path = "skills/dev-artifacts"

[items."skills/dev-principles"]
source = "meridian-dev-workflow"
kind = "skill"
version = "v0.2.1"
source_checksum = "sha256:58dfd213da6743ae85814e1939c094357f11a954ec9ba055614a38be0be77a0d"
installed_checksum = "sha256:58dfd213da6743ae85814e1939c094357f11a954ec9ba055614a38be0be77a0d"
dest_path = "skills/dev-principles"

[items."skills/ears-parsing"]
source = "meridian-dev-workflow"
kind = "skill"
version = "v0.2.1"
source_checksum = "sha256:8bf44388b483c114e1f365de55b49daef89c52180ed4f629ddd4083e48ab54d8"
installed_checksum = "sha256:8bf44388b483c114e1f365de55b49daef89c52180ed4f629ddd4083e48ab54d8"
dest_path = "skills/ears-parsing"

[items."skills/frontend-design"]
source = "anthropic-skills"
kind = "skill"
source_checksum = "sha256:3dc9d9c837c7f390c1bf8b13e4667cf167340067bfbaf6d734d644eb08c640a1"
installed_checksum = "sha256:3dc9d9c837c7f390c1bf8b13e4667cf167340067bfbaf6d734d644eb08c640a1"
dest_path = "skills/frontend-design"

[items."skills/integration-test"]
source = "meridian-dev-workflow"
kind = "skill"
version = "v0.2.1"
source_checksum = "sha256:b02e59e53f8f3d53a5b34272037b26932a4c6d6e2ef1392b365903273fcba1a5"
installed_checksum = "sha256:b02e59e53f8f3d53a5b34272037b26932a4c6d6e2ef1392b365903273fcba1a5"
dest_path = "skills/integration-test"

[items."skills/issues"]
source = "meridian-dev-workflow"
kind = "skill"
version = "v0.2.1"
source_checksum = "sha256:36ffd4b5c8cdc0b12a7893494cf4f92a3b0c04c7f5fc64a2ca14a8b209662af2"
installed_checksum = "sha256:36ffd4b5c8cdc0b12a7893494cf4f92a3b0c04c7f5fc64a2ca14a8b209662af2"
dest_path = "skills/issues"

[items."skills/kb-conventions"]
source = "meridian-base"
kind = "skill"
version = "v0.1.1"
source_checksum = "sha256:a2a689b7a6a53cb5d856c5844a06ed0dd65842c9671089b1942f02a936ac3a08"
installed_checksum = "sha256:a2a689b7a6a53cb5d856c5844a06ed0dd65842c9671089b1942f02a936ac3a08"
dest_path = "skills/kb-conventions"

[items."skills/md-validation"]
source = "meridian-base"
kind = "skill"
version = "v0.1.1"
source_checksum = "sha256:a763f875fb235e4ede79bc3085d73d8e130de5b4d44ec59fbe4182f161bad74a"
installed_checksum = "sha256:a763f875fb235e4ede79bc3085d73d8e130de5b4d44ec59fbe4182f161bad74a"
dest_path = "skills/md-validation"

[items."skills/meridian-privilege-escalation"]
source = "meridian-base"
kind = "skill"
version = "v0.1.1"
source_checksum = "sha256:253b537212afc4877b673dd47fae7a8e499d8842e0c4bf02c4cb7934c0ab1d71"
installed_checksum = "sha256:253b537212afc4877b673dd47fae7a8e499d8842e0c4bf02c4cb7934c0ab1d71"
dest_path = "skills/meridian-privilege-escalation"

[items."skills/meridian-spawn"]
source = "meridian-base"
kind = "skill"
version = "v0.1.1"
source_checksum = "sha256:7778c3e0831b949ab32d90b47468f8b4d9875ffda59577e46f86a85595257222"
installed_checksum = "sha256:7778c3e0831b949ab32d90b47468f8b4d9875ffda59577e46f86a85595257222"
dest_path = "skills/meridian-spawn"

[items."skills/meridian-work-coordination"]
source = "meridian-base"
kind = "skill"
version = "v0.1.1"
source_checksum = "sha256:2cc1dd54cf276775a5b24f05b1d237867551c432f42d6bc3e7cd08abbd2ebffb"
installed_checksum = "sha256:2cc1dd54cf276775a5b24f05b1d237867551c432f42d6bc3e7cd08abbd2ebffb"
dest_path = "skills/meridian-work-coordination"

[items."skills/planning"]
source = "meridian-dev-workflow"
kind = "skill"
version = "v0.2.1"
source_checksum = "sha256:d8dd72bdf1148a615ccf855aa5f0d27c73d10bc41930f03c8ea4e9188d0fc975"
installed_checksum = "sha256:d8dd72bdf1148a615ccf855aa5f0d27c73d10bc41930f03c8ea4e9188d0fc975"
dest_path = "skills/planning"

[items."skills/playwright-cli"]
source = "playwright-cli"
kind = "skill"
source_checksum = "sha256:15f8566d8bc7a36e3735c6bed037e8f749f8cb8ae562120dc0e7060001d99cb4"
installed_checksum = "sha256:15f8566d8bc7a36e3735c6bed037e8f749f8cb8ae562120dc0e7060001d99cb4"
dest_path = "skills/playwright-cli"

[items."skills/prompt-principles"]
source = "meridian-prompter"
kind = "skill"
version = "v0.1.1"
source_checksum = "sha256:885d0b28fe49932e96d04f109f333b00a61c0799eef5b1159361a88f6041ac32"
installed_checksum = "sha256:885d0b28fe49932e96d04f109f333b00a61c0799eef5b1159361a88f6041ac32"
dest_path = "skills/prompt-principles"

[items."skills/prompt-review"]
source = "meridian-prompter"
kind = "skill"
version = "v0.1.1"
source_checksum = "sha256:74b40bac1668977d0bb9b1ee0b95ad6eb3ed128655a1d34fa6d0c3eb7ae340f3"
installed_checksum = "sha256:74b40bac1668977d0bb9b1ee0b95ad6eb3ed128655a1d34fa6d0c3eb7ae340f3"
dest_path = "skills/prompt-review"

[items."skills/python-tools"]
source = "meridian-prompter"
kind = "skill"
version = "v0.1.1"
source_checksum = "sha256:2bab1dd4662d6cce9e94599759dce24a671741bb4972933a319897c8a11e7691"
installed_checksum = "sha256:2bab1dd4662d6cce9e94599759dce24a671741bb4972933a319897c8a11e7691"
dest_path = "skills/python-tools"

[items."skills/refactoring-principles"]
source = "meridian-dev-workflow"
kind = "skill"
version = "v0.2.1"
source_checksum = "sha256:30c35d071b3dc96293ae0c283da5f3f3c4eac347cb1cc82f3015761e2f4e4a92"
installed_checksum = "sha256:30c35d071b3dc96293ae0c283da5f3f3c4eac347cb1cc82f3015761e2f4e4a92"
dest_path = "skills/refactoring-principles"

[items."skills/review"]
source = "meridian-dev-workflow"
kind = "skill"
version = "v0.2.1"
source_checksum = "sha256:ffb50627ac9b43194eee6e5d40757d975a1d64d4f5512c13e841764ebb364199"
installed_checksum = "sha256:ffb50627ac9b43194eee6e5d40757d975a1d64d4f5512c13e841764ebb364199"
dest_path = "skills/review"

[items."skills/session-mining"]
source = "meridian-base"
kind = "skill"
version = "v0.1.1"
source_checksum = "sha256:d6566869d577f6db446d93a10ee546ab2ca39cb0927a4589dde3b3ac5213f804"
installed_checksum = "sha256:d6566869d577f6db446d93a10ee546ab2ca39cb0927a4589dde3b3ac5213f804"
dest_path = "skills/session-mining"

[items."skills/shared-workspace"]
source = "meridian-base"
kind = "skill"
version = "v0.1.1"
source_checksum = "sha256:0a89f134aafb09d3e386d1f851b7480b384135741a5581b6ff37945709f152e1"
installed_checksum = "sha256:0a89f134aafb09d3e386d1f851b7480b384135741a5581b6ff37945709f152e1"
dest_path = "skills/shared-workspace"

[items."skills/skill-artifacts"]
source = "meridian-prompter"
kind = "skill"
version = "v0.1.1"
source_checksum = "sha256:2bd1bf50c8b36a0f3d0dfcbf6be4474ebf0248474960d9fd4c4bd6e9c0d4e7a9"
installed_checksum = "sha256:2bd1bf50c8b36a0f3d0dfcbf6be4474ebf0248474960d9fd4c4bd6e9c0d4e7a9"
dest_path = "skills/skill-artifacts"

[items."skills/smoke-test"]
source = "meridian-dev-workflow"
kind = "skill"
version = "v0.2.1"
source_checksum = "sha256:919ea029c5840675d462865b992b133147274e8ab0decbfdc42c4ace10a11941"
installed_checksum = "sha256:919ea029c5840675d462865b992b133147274e8ab0decbfdc42c4ace10a11941"
dest_path = "skills/smoke-test"

[items."skills/tech-docs"]
source = "meridian-dev-workflow"
kind = "skill"
version = "v0.2.1"
source_checksum = "sha256:aeac792486f7b5b251491ca60b462f7dc44030bcc1dd0e4545f374a153b05ce9"
installed_checksum = "sha256:aeac792486f7b5b251491ca60b462f7dc44030bcc1dd0e4545f374a153b05ce9"
dest_path = "skills/tech-docs"

[items."skills/testing-principles"]
source = "meridian-dev-workflow"
kind = "skill"
version = "v0.2.1"
source_checksum = "sha256:34dc0cc5afd6081ca13b175aabf79ee529fce0dc99edc4a052d00e5445d57a3a"
installed_checksum = "sha256:34dc0cc5afd6081ca13b175aabf79ee529fce0dc99edc4a052d00e5445d57a3a"
dest_path = "skills/testing-principles"

[items."skills/unit-test"]
source = "meridian-dev-workflow"
kind = "skill"
version = "v0.2.1"
source_checksum = "sha256:04babaa3f6eaef753a638daa8d15dd52e5b41e9a39d149b59a665b9b5288d23c"
installed_checksum = "sha256:04babaa3f6eaef753a638daa8d15dd52e5b41e9a39d149b59a665b9b5288d23c"
dest_path = "skills/unit-test"

[items."skills/verification"]
source = "meridian-dev-workflow"
kind = "skill"
version = "v0.2.1"
source_checksum = "sha256:b6e21a470212fab5dd131fd9425ba067ae89f3f225671005474a6ee847e7e80e"
installed_checksum = "sha256:b6e21a470212fab5dd131fd9425ba067ae89f3f225671005474a6ee847e7e80e"
dest_path = "skills/verification"
